
Microsoft Visual Studio Solution File, Format Version 12.00
# Visual Studio Version 17
VisualStudioVersion = 17.11.35312.102
MinimumVisualStudioVersion = 10.0.40219.1
Project("{FAE04EC0-301F-11D3-BF4B-00C04F79EFBC}") = "AirConditionerShop_HoangChiTrung", "AirConditionerShop_HoangChiTrung\AirConditionerShop_HoangChiTrung.csproj", "{B7E57BDE-FBA3-40DA-9AA2-219C75C0AE03}"
EndProject
Project("{FAE04EC0-301F-11D3-BF4B-00C04F79EFBC}") = "AirConditionerShop.DAL", "AirConditionerShop.DAL\AirConditionerShop.DAL.csproj", "{A2C7F4B4-6F4E-4945-9085-DD4C37D91A1E}"
EndProject
Project("{FAE04EC0-301F-11D3-BF4B-00C04F79EFBC}") = "AirConditionerShop.BLL", "AirConditionerShop.BLL\AirConditionerShop.BLL.csproj", "{AD7FE49D-2E9E-4943-9DC0-5A6DC5295EF0}"
EndProject
Global
	GlobalSection(SolutionConfigurationPlatforms) = preSolution
		Debug|Any CPU = Debug|Any CPU
		Release|Any CPU = Release|Any CPU
	EndGlobalSection
	GlobalSection(ProjectConfigurationPlatforms) = postSolution
		{B7E57BDE-FBA3-40DA-9AA2-219C75C0AE03}.Debug|Any CPU.ActiveCfg = Debug|Any CPU
		{B7E57BDE-FBA3-40DA-9AA2-219C75C0AE03}.Debug|Any CPU.Build.0 = Debug|Any CPU
		{B7E57BDE-FBA3-40DA-9AA2-219C75C0AE03}.Release|Any CPU.ActiveCfg = Release|Any CPU
		{B7E57BDE-FBA3-40DA-9AA2-219C75C0AE03}.Release|Any CPU.Build.0 = Release|Any CPU
		{A2C7F4B4-6F4E-4945-9085-DD4C37D91A1E}.Debug|Any CPU.ActiveCfg = Debug|Any CPU
		{A2C7F4B4-6F4E-4945-9085-DD4C37D91A1E}.Debug|Any CPU.Build.0 = Debug|Any CPU
		{A2C7F4B4-6F4E-4945-9085-DD4C37D91A1E}.Release|Any CPU.ActiveCfg = Release|Any CPU
		{A2C7F4B4-6F4E-4945-9085-DD4C37D91A1E}.Release|Any CPU.Build.0 = Release|Any CPU
		{AD7FE49D-2E9E-4943-9DC0-5A6DC5295EF0}.Debug|Any CPU.ActiveCfg = Debug|Any CPU
		{AD7FE49D-2E9E-4943-9DC0-5A6DC5295EF0}.Debug|Any CPU.Build.0 = Debug|Any CPU
		{AD7FE49D-2E9E-4943-9DC0-5A6DC5295EF0}.Release|Any CPU.ActiveCfg = Release|Any CPU
		{AD7FE49D-2E9E-4943-9DC0-5A6DC5295EF0}.Release|Any CPU.Build.0 = Release|Any CPU
	EndGlobalSection
	GlobalSection(SolutionProperties) = preSolution
		HideSolutionNode = FALSE
	EndGlobalSection
	GlobalSection(ExtensibilityGlobals) = postSolution
		SolutionGuid = {D599A7F0-096C-4A89-ADD7-46E3F549AED5}
	EndGlobalSection
EndGlobal
